{
  "name": "@torbimusic/lyric-chords",
  "version": "1.0.0",
  "lockfileVersion": 1,
  "requires": true,
  "dependencies": {
    "@microsoft/tsdoc": {
      "version": "0.9.2",
      "resolved": "https://registry.npmjs.org/@microsoft/tsdoc/-/tsdoc-0.9.2.tgz",
      "integrity": "sha512-bdozNnQXIKZgT3fjCcOYSZSpH7zuh+Turv8uQxzXTj5G8AzgTJ/X3GnrYDbliXKgefL8LJeIj4vwdrOnt1J+Ng=="
    },
    "@torbimusic/core": {
      "version": "1.0.26",
      "resolved": "https://registry.npmjs.org/@torbimusic/core/-/core-1.0.26.tgz",
      "integrity": "sha512-eF9WtNQ4840iFcWpGiUAtNEil1mv6jILrSOVuFsRsqTjXd0JDnWTYNFXxSlhB5rrN1WNomoq1QNS0HTn00nyvg==",
      "requires": {
        "@microsoft/tsdoc": "^0.9.2"
      }
    }
  }
}
